
Microsoft Visual Studio Solution File, Format Version 12.00
# Visual Studio Version 17
VisualStudioVersion = 17.9.34728.123
MinimumVisualStudioVersion = 10.0.40219.1
Project("{FAE04EC0-301F-11D3-BF4B-00C04F79EFBC}") = "admındeneme", "admındeneme\admındeneme.csproj", "{A23B25F0-AADB-4D60-978E-8067A339C390}"
EndProject
Global
	GlobalSection(SolutionConfigurationPlatforms) = preSolution
		Debug|Any CPU = Debug|Any CPU
		Release|Any CPU = Release|Any CPU
	EndGlobalSection
	GlobalSection(ProjectConfigurationPlatforms) = postSolution
		{A23B25F0-AADB-4D60-978E-8067A339C390}.Debug|Any CPU.ActiveCfg = Debug|Any CPU
		{A23B25F0-AADB-4D60-978E-8067A339C390}.Debug|Any CPU.Build.0 = Debug|Any CPU
		{A23B25F0-AADB-4D60-978E-8067A339C390}.Release|Any CPU.ActiveCfg = Release|Any CPU
		{A23B25F0-AADB-4D60-978E-8067A339C390}.Release|Any CPU.Build.0 = Release|Any CPU
	EndGlobalSection
	GlobalSection(SolutionProperties) = preSolution
		HideSolutionNode = FALSE
	EndGlobalSection
	GlobalSection(ExtensibilityGlobals) = postSolution
		SolutionGuid = {4545562D-E3EE-4E60-BB92-E39A04B6D8D1}
	EndGlobalSection
EndGlobal
